
Microsoft Visual Studio Solution File, Format Version 12.00
# Visual Studio 15
VisualStudioVersion = 15.0.28010.2050
MinimumVisualStudioVersion = 10.0.40219.1
Project("{9A19103F-16F7-4668-BE54-9A1E7A4F7556}") = "Xyaneon.ComputerScience.VanEmdeBoasTrees", "Xyaneon.ComputerScience.VanEmdeBoasTrees\Xyaneon.ComputerScience.VanEmdeBoasTrees.csproj", "{82E165F7-92E2-43EC-9742-9F5284ACD5E8}"
EndProject
Project("{9A19103F-16F7-4668-BE54-9A1E7A4F7556}") = "Xyaneon.ComputerScience.VanEmdeBoasTrees.Test", "Xyaneon.ComputerScience.VanEmdeBoasTrees.Test\Xyaneon.ComputerScience.VanEmdeBoasTrees.Test.csproj", "{19196039-D07F-4C44-8E7E-097B61735C1E}"
EndProject
Project("{2150E333-8FDC-42A3-9474-1A3956D46DE8}") = "Solution Items", "Solution Items", "{0ED1D87B-4663-4DB0-BF6A-B31D1B2C5A84}"
	ProjectSection(SolutionItems) = preProject
		CHANGELOG.md = CHANGELOG.md
		LICENSE.txt = LICENSE.txt
		README.md = README.md
	EndProjectSection
EndProject
Global
	GlobalSection(SolutionConfigurationPlatforms) = preSolution
		Debug|Any CPU = Debug|Any CPU
		Release|Any CPU = Release|Any CPU
	EndGlobalSection
	GlobalSection(ProjectConfigurationPlatforms) = postSolution
		{82E165F7-92E2-43EC-9742-9F5284ACD5E8}.Debug|Any CPU.ActiveCfg = Debug|Any CPU
		{82E165F7-92E2-43EC-9742-9F5284ACD5E8}.Debug|Any CPU.Build.0 = Debug|Any CPU
		{82E165F7-92E2-43EC-9742-9F5284ACD5E8}.Release|Any CPU.ActiveCfg = Release|Any CPU
		{82E165F7-92E2-43EC-9742-9F5284ACD5E8}.Release|Any CPU.Build.0 = Release|Any CPU
		{19196039-D07F-4C44-8E7E-097B61735C1E}.Debug|Any CPU.ActiveCfg = Debug|Any CPU
		{19196039-D07F-4C44-8E7E-097B61735C1E}.Debug|Any CPU.Build.0 = Debug|Any CPU
		{19196039-D07F-4C44-8E7E-097B61735C1E}.Release|Any CPU.ActiveCfg = Release|Any CPU
		{19196039-D07F-4C44-8E7E-097B61735C1E}.Release|Any CPU.Build.0 = Release|Any CPU
	EndGlobalSection
	GlobalSection(SolutionProperties) = preSolution
		HideSolutionNode = FALSE
	EndGlobalSection
	GlobalSection(ExtensibilityGlobals) = postSolution
		SolutionGuid = {25D5CB69-DAED-44FD-A4FE-9E31895800D6}
	EndGlobalSection
EndGlobal
